
Microsoft Visual Studio Solution File, Format Version 12.00
# Visual Studio Version 17
VisualStudioVersion = 17.0.31903.59
MinimumVisualStudioVersion = 10.0.40219.1
Project("{2150E333-8FDC-42A3-9474-1A3956D46DE8}") = "apps", "apps", "{1787FE1D-075E-9E68-7218-25F1BD1BBEAB}"
EndProject
Project("{2150E333-8FDC-42A3-9474-1A3956D46DE8}") = "api", "api", "{BC2D172B-13BC-136C-CDB1-4B1A687208C4}"
EndProject
Project("{FAE04EC0-301F-11D3-BF4B-00C04F79EFBC}") = "ScaffoldGenerator.Api", "apps\api\ScaffoldGenerator.Api\ScaffoldGenerator.Api.csproj", "{371C6E68-F713-4731-93A5-F44F7BE1B939}"
EndProject
Project("{FAE04EC0-301F-11D3-BF4B-00C04F79EFBC}") = "ScaffoldGenerator.Contracts", "apps\api\ScaffoldGenerator.Contracts\ScaffoldGenerator.Contracts.csproj", "{373C21B7-D671-49AC-8C26-415946C3E04A}"
EndProject
Project("{FAE04EC0-301F-11D3-BF4B-00C04F79EFBC}") = "ScaffoldGenerator.Application", "apps\api\ScaffoldGenerator.Application\ScaffoldGenerator.Application.csproj", "{121F79C5-11C4-45C7-BCEF-4789385A7FE3}"
EndProject
Project("{FAE04EC0-301F-11D3-BF4B-00C04F79EFBC}") = "ScaffoldGenerator.Infrastructure", "apps\api\ScaffoldGenerator.Infrastructure\ScaffoldGenerator.Infrastructure.csproj", "{6321573A-2A09-4A8D-ABF4-6F17D70C7F0E}"
EndProject
Global
	GlobalSection(SolutionConfigurationPlatforms) = preSolution
		Debug|Any CPU = Debug|Any CPU
		Debug|x64 = Debug|x64
		Debug|x86 = Debug|x86
		Release|Any CPU = Release|Any CPU
		Release|x64 = Release|x64
		Release|x86 = Release|x86
	EndGlobalSection
	GlobalSection(ProjectConfigurationPlatforms) = postSolution
		{371C6E68-F713-4731-93A5-F44F7BE1B939}.Debug|Any CPU.ActiveCfg = Debug|Any CPU
		{371C6E68-F713-4731-93A5-F44F7BE1B939}.Debug|Any CPU.Build.0 = Debug|Any CPU
		{371C6E68-F713-4731-93A5-F44F7BE1B939}.Debug|x64.ActiveCfg = Debug|Any CPU
		{371C6E68-F713-4731-93A5-F44F7BE1B939}.Debug|x64.Build.0 = Debug|Any CPU
		{371C6E68-F713-4731-93A5-F44F7BE1B939}.Debug|x86.ActiveCfg = Debug|Any CPU
		{371C6E68-F713-4731-93A5-F44F7BE1B939}.Debug|x86.Build.0 = Debug|Any CPU
		{371C6E68-F713-4731-93A5-F44F7BE1B939}.Release|Any CPU.ActiveCfg = Release|Any CPU
		{371C6E68-F713-4731-93A5-F44F7BE1B939}.Release|Any CPU.Build.0 = Release|Any CPU
		{371C6E68-F713-4731-93A5-F44F7BE1B939}.Release|x64.ActiveCfg = Release|Any CPU
		{371C6E68-F713-4731-93A5-F44F7BE1B939}.Release|x64.Build.0 = Release|Any CPU
		{371C6E68-F713-4731-93A5-F44F7BE1B939}.Release|x86.ActiveCfg = Release|Any CPU
		{371C6E68-F713-4731-93A5-F44F7BE1B939}.Release|x86.Build.0 = Release|Any CPU
		{373C21B7-D671-49AC-8C26-415946C3E04A}.Debug|Any CPU.ActiveCfg = Debug|Any CPU
		{373C21B7-D671-49AC-8C26-415946C3E04A}.Debug|Any CPU.Build.0 = Debug|Any CPU
		{373C21B7-D671-49AC-8C26-415946C3E04A}.Debug|x64.ActiveCfg = Debug|Any CPU
		{373C21B7-D671-49AC-8C26-415946C3E04A}.Debug|x64.Build.0 = Debug|Any CPU
		{373C21B7-D671-49AC-8C26-415946C3E04A}.Debug|x86.ActiveCfg = Debug|Any CPU
		{373C21B7-D671-49AC-8C26-415946C3E04A}.Debug|x86.Build.0 = Debug|Any CPU
		{373C21B7-D671-49AC-8C26-415946C3E04A}.Release|Any CPU.ActiveCfg = Release|Any CPU
		{373C21B7-D671-49AC-8C26-415946C3E04A}.Release|Any CPU.Build.0 = Release|Any CPU
		{373C21B7-D671-49AC-8C26-415946C3E04A}.Release|x64.ActiveCfg = Release|Any CPU
		{373C21B7-D671-49AC-8C26-415946C3E04A}.Release|x64.Build.0 = Release|Any CPU
		{373C21B7-D671-49AC-8C26-415946C3E04A}.Release|x86.ActiveCfg = Release|Any CPU
		{373C21B7-D671-49AC-8C26-415946C3E04A}.Release|x86.Build.0 = Release|Any CPU
		{121F79C5-11C4-45C7-BCEF-4789385A7FE3}.Debug|Any CPU.ActiveCfg = Debug|Any CPU
		{121F79C5-11C4-45C7-BCEF-4789385A7FE3}.Debug|Any CPU.Build.0 = Debug|Any CPU
		{121F79C5-11C4-45C7-BCEF-4789385A7FE3}.Debug|x64.ActiveCfg = Debug|Any CPU
		{121F79C5-11C4-45C7-BCEF-4789385A7FE3}.Debug|x64.Build.0 = Debug|Any CPU
		{121F79C5-11C4-45C7-BCEF-4789385A7FE3}.Debug|x86.ActiveCfg = Debug|Any CPU
		{121F79C5-11C4-45C7-BCEF-4789385A7FE3}.Debug|x86.Build.0 = Debug|Any CPU
		{121F79C5-11C4-45C7-BCEF-4789385A7FE3}.Release|Any CPU.ActiveCfg = Release|Any CPU
		{121F79C5-11C4-45C7-BCEF-4789385A7FE3}.Release|Any CPU.Build.0 = Release|Any CPU
		{121F79C5-11C4-45C7-BCEF-4789385A7FE3}.Release|x64.ActiveCfg = Release|Any CPU
		{121F79C5-11C4-45C7-BCEF-4789385A7FE3}.Release|x64.Build.0 = Release|Any CPU
		{121F79C5-11C4-45C7-BCEF-4789385A7FE3}.Release|x86.ActiveCfg = Release|Any CPU
		{121F79C5-11C4-45C7-BCEF-4789385A7FE3}.Release|x86.Build.0 = Release|Any CPU
		{6321573A-2A09-4A8D-ABF4-6F17D70C7F0E}.Debug|Any CPU.ActiveCfg = Debug|Any CPU
		{6321573A-2A09-4A8D-ABF4-6F17D70C7F0E}.Debug|Any CPU.Build.0 = Debug|Any CPU
		{6321573A-2A09-4A8D-ABF4-6F17D70C7F0E}.Debug|x64.ActiveCfg = Debug|Any CPU
		{6321573A-2A09-4A8D-ABF4-6F17D70C7F0E}.Debug|x64.Build.0 = Debug|Any CPU
		{6321573A-2A09-4A8D-ABF4-6F17D70C7F0E}.Debug|x86.ActiveCfg = Debug|Any CPU
		{6321573A-2A09-4A8D-ABF4-6F17D70C7F0E}.Debug|x86.Build.0 = Debug|Any CPU
		{6321573A-2A09-4A8D-ABF4-6F17D70C7F0E}.Release|Any CPU.ActiveCfg = Release|Any CPU
		{6321573A-2A09-4A8D-ABF4-6F17D70C7F0E}.Release|Any CPU.Build.0 = Release|Any CPU
		{6321573A-2A09-4A8D-ABF4-6F17D70C7F0E}.Release|x64.ActiveCfg = Release|Any CPU
		{6321573A-2A09-4A8D-ABF4-6F17D70C7F0E}.Release|x64.Build.0 = Release|Any CPU
		{6321573A-2A09-4A8D-ABF4-6F17D70C7F0E}.Release|x86.ActiveCfg = Release|Any CPU
		{6321573A-2A09-4A8D-ABF4-6F17D70C7F0E}.Release|x86.Build.0 = Release|Any CPU
	EndGlobalSection
	GlobalSection(SolutionProperties) = preSolution
		HideSolutionNode = FALSE
	EndGlobalSection
	GlobalSection(NestedProjects) = preSolution
		{BC2D172B-13BC-136C-CDB1-4B1A687208C4} = {1787FE1D-075E-9E68-7218-25F1BD1BBEAB}
		{371C6E68-F713-4731-93A5-F44F7BE1B939} = {BC2D172B-13BC-136C-CDB1-4B1A687208C4}
		{373C21B7-D671-49AC-8C26-415946C3E04A} = {BC2D172B-13BC-136C-CDB1-4B1A687208C4}
		{121F79C5-11C4-45C7-BCEF-4789385A7FE3} = {BC2D172B-13BC-136C-CDB1-4B1A687208C4}
		{6321573A-2A09-4A8D-ABF4-6F17D70C7F0E} = {BC2D172B-13BC-136C-CDB1-4B1A687208C4}
	EndGlobalSection
EndGlobal
